
Microsoft Visual Studio Solution File, Format Version 12.00
# Visual Studio Version 16
VisualStudioVersion = 16.0.30907.101
MinimumVisualStudioVersion = 10.0.40219.1
Project("{FAE04EC0-301F-11D3-BF4B-00C04F79EFBC}") = "GameProject", "Camp-Homeworks\GameProject.csproj", "{B49B6359-4835-48A3-8ADB-E5C53518C93F}"
EndProject
Global
	GlobalSection(SolutionConfigurationPlatforms) = preSolution
		Debug|Any CPU = Debug|Any CPU
		Release|Any CPU = Release|Any CPU
	EndGlobalSection
	GlobalSection(ProjectConfigurationPlatforms) = postSolution
		{B49B6359-4835-48A3-8ADB-E5C53518C93F}.Debug|Any CPU.ActiveCfg = Debug|Any CPU
		{B49B6359-4835-48A3-8ADB-E5C53518C93F}.Debug|Any CPU.Build.0 = Debug|Any CPU
		{B49B6359-4835-48A3-8ADB-E5C53518C93F}.Release|Any CPU.ActiveCfg = Release|Any CPU
		{B49B6359-4835-48A3-8ADB-E5C53518C93F}.Release|Any CPU.Build.0 = Release|Any CPU
	EndGlobalSection
	GlobalSection(SolutionProperties) = preSolution
		HideSolutionNode = FALSE
	EndGlobalSection
	GlobalSection(ExtensibilityGlobals) = postSolution
		SolutionGuid = {FA1AF851-9D72-4E5B-BF10-8FD346FF52C0}
	EndGlobalSection
EndGlobal
